// !$*UTF8*$!
{
	archiveVersion = 1;
	classes = {
	};
	objectVersion = 50;
	objects = {

/* Begin PBXBuildFile section */
		A63D8DE5216F7EC900985C73 /* TaskController.swift in Sources */ = {isa = PBXBuildFile; fileRef = A63D8DE4216F7EC900985C73 /* TaskController.swift */; };
		A63D8DE7216F94C800985C73 /* DateHelpers.swift in Sources */ = {isa = PBXBuildFile; fileRef = A63D8DE6216F94C800985C73 /* DateHelpers.swift */; };
		A63D8DE9216FA82F00985C73 /* ButtonTableViewCell.swift in Sources */ = {isa = PBXBuildFile; fileRef = A63D8DE8216FA82F00985C73 /* ButtonTableViewCell.swift */; };
		A63D8DF5217007D000985C73 /* TaskListTableViewController.swift in Sources */ = {isa = PBXBuildFile; fileRef = A63D8DF4217007D000985C73 /* TaskListTableViewController.swift */; };
		A68519EA216EB29000294EFE /* AppDelegate.swift in Sources */ = {isa = PBXBuildFile; fileRef = A68519E9216EB29000294EFE /* AppDelegate.swift */; };
		A68519EF216EB29000294EFE /* Main.storyboard in Resources */ = {isa = PBXBuildFile; fileRef = A68519ED216EB29000294EFE /* Main.storyboard */; };
		A68519F1216EB29300294EFE /* Assets.xcassets in Resources */ = {isa = PBXBuildFile; fileRef = A68519F0216EB29300294EFE /* Assets.xcassets */; };
		A68519F4216EB29300294EFE /* LaunchScreen.storyboard in Resources */ = {isa = PBXBuildFile; fileRef = A68519F2216EB29300294EFE /* LaunchScreen.storyboard */; };
		A6851A04216EB9F200294EFE /* TaskDetailTableViewController.swift in Sources */ = {isa = PBXBuildFile; fileRef = A6851A03216EB9F200294EFE /* TaskDetailTableViewController.swift */; };
		A6851A06216EBAD100294EFE /* CoreDataStack.swift in Sources */ = {isa = PBXBuildFile; fileRef = A6851A05216EBAD100294EFE /* CoreDataStack.swift */; };
		A6851A09216EBB5900294EFE /* Tasks.xcdatamodeld in Sources */ = {isa = PBXBuildFile; fileRef = A6851A07216EBB5900294EFE /* Tasks.xcdatamodeld */; };
		A6851A0B216EBBEE00294EFE /* Task+Convenience.swift in Sources */ = {isa = PBXBuildFile; fileRef = A6851A0A216EBBEE00294EFE /* Task+Convenience.swift */; };
/* End PBXBuildFile section */

/* Begin PBXFileReference section */
		A63D8DE4216F7EC900985C73 /* TaskController.swift */ = {isa = PBXFileReference; lastKnownFileType = sourcecode.swift; path = TaskController.swift; sourceTree = "<group>"; };
		A63D8DE6216F94C800985C73 /* DateHelpers.swift */ = {isa = PBXFileReference; lastKnownFileType = sourcecode.swift; path = DateHelpers.swift; sourceTree = "<group>"; };
		A63D8DE8216FA82F00985C73 /* ButtonTableViewCell.swift */ = {isa = PBXFileReference; lastKnownFileType = sourcecode.swift; path = ButtonTableViewCell.swift; sourceTree = "<group>"; };
		A63D8DF4217007D000985C73 /* TaskListTableViewController.swift */ = {isa = PBXFileReference; lastKnownFileType = sourcecode.swift; path = TaskListTableViewController.swift; sourceTree = "<group>"; };
		A68519E6216EB29000294EFE /* Tasks.app */ = {isa = PBXFileReference; explicitFileType = wrapper.application; includeInIndex = 0; path = Tasks.app; sourceTree = BUILT_PRODUCTS_DIR; };
		A68519E9216EB29000294EFE /* AppDelegate.swift */ = {isa = PBXFileReference; lastKnownFileType = sourcecode.swift; path = AppDelegate.swift; sourceTree = "<group>"; };
		A68519EE216EB29000294EFE /* Base */ = {isa = PBXFileReference; lastKnownFileType = file.storyboard; name = Base; path = Base.lproj/Main.storyboard; sourceTree = "<group>"; };
		A68519F0216EB29300294EFE /* Assets.xcassets */ = {isa = PBXFileReference; lastKnownFileType = folder.assetcatalog; path = Assets.xcassets; sourceTree = "<group>"; };
		A68519F3216EB29300294EFE /* Base */ = {isa = PBXFileReference; lastKnownFileType = file.storyboard; name = Base; path = Base.lproj/LaunchScreen.storyboard; sourceTree = "<group>"; };
		A68519F5216EB29300294EFE /* Info.plist */ = {isa = PBXFileReference; lastKnownFileType = text.plist.xml; path = Info.plist; sourceTree = "<group>"; };
		A6851A03216EB9F200294EFE /* TaskDetailTableViewController.swift */ = {isa = PBXFileReference; lastKnownFileType = sourcecode.swift; path = TaskDetailTableViewController.swift; sourceTree = "<group>"; };
		A6851A05216EBAD100294EFE /* CoreDataStack.swift */ = {isa = PBXFileReference; lastKnownFileType = sourcecode.swift; path = CoreDataStack.swift; sourceTree = "<group>"; };
		A6851A08216EBB5900294EFE /* Tasks.xcdatamodel */ = {isa = PBXFileReference; lastKnownFileType = wrapper.xcdatamodel; path = Tasks.xcdatamodel; sourceTree = "<group>"; };
		A6851A0A216EBBEE00294EFE /* Task+Convenience.swift */ = {isa = PBXFileReference; lastKnownFileType = sourcecode.swift; path = "Task+Convenience.swift"; sourceTree = "<group>"; };
/* End PBXFileReference section */

/* Begin PBXFrameworksBuildPhase section */
		A68519E3216EB29000294EFE /* Frameworks */ = {
			isa = PBXFrameworksBuildPhase;
			buildActionMask = 2147483647;
			files = (
			);
			runOnlyForDeploymentPostprocessing = 0;
		};
/* End PBXFrameworksBuildPhase section */

/* Begin PBXGroup section */
		A68519DD216EB29000294EFE = {
			isa = PBXGroup;
			children = (
				A68519E8216EB29000294EFE /* Tasks */,
				A68519E7216EB29000294EFE /* Products */,
			);
			sourceTree = "<group>";
		};
		A68519E7216EB29000294EFE /* Products */ = {
			isa = PBXGroup;
			children = (
				A68519E6216EB29000294EFE /* Tasks.app */,
			);
			name = Products;
			sourceTree = "<group>";
		};
		A68519E8216EB29000294EFE /* Tasks */ = {
			isa = PBXGroup;
			children = (
				A68519ED216EB29000294EFE /* Main.storyboard */,
				A68519FC216EB2CA00294EFE /* Views */,
				A6851A00216EB30300294EFE /* Controllers */,
				A68519FE216EB2F300294EFE /* Models */,
				A68519FB216EB2B000294EFE /* Resources */,
			);
			path = Tasks;
			sourceTree = "<group>";
		};
		A68519FB216EB2B000294EFE /* Resources */ = {
			isa = PBXGroup;
			children = (
				A68519E9216EB29000294EFE /* AppDelegate.swift */,
				A68519F0216EB29300294EFE /* Assets.xcassets */,
				A68519F2216EB29300294EFE /* LaunchScreen.storyboard */,
				A68519F5216EB29300294EFE /* Info.plist */,
			);
			path = Resources;
			sourceTree = "<group>";
		};
		A68519FC216EB2CA00294EFE /* Views */ = {
			isa = PBXGroup;
			children = (
				A63D8DE6216F94C800985C73 /* DateHelpers.swift */,
				A63D8DE8216FA82F00985C73 /* ButtonTableViewCell.swift */,
			);
			path = Views;
			sourceTree = "<group>";
		};
		A68519FD216EB2D800294EFE /* ViewControllers */ = {
			isa = PBXGroup;
			children = (
				A63D8DF4217007D000985C73 /* TaskListTableViewController.swift */,
				A6851A03216EB9F200294EFE /* TaskDetailTableViewController.swift */,
			);
			path = ViewControllers;
			sourceTree = "<group>";
		};
		A68519FE216EB2F300294EFE /* Models */ = {
			isa = PBXGroup;
			children = (
				A6851A05216EBAD100294EFE /* CoreDataStack.swift */,
				A6851A07216EBB5900294EFE /* Tasks.xcdatamodeld */,
				A6851A0A216EBBEE00294EFE /* Task+Convenience.swift */,
			);
			path = Models;
			sourceTree = "<group>";
		};
		A68519FF216EB2FC00294EFE /* ModelControllers */ = {
			isa = PBXGroup;
			children = (
				A63D8DE4216F7EC900985C73 /* TaskController.swift */,
			);
			path = ModelControllers;
			sourceTree = "<group>";
		};
		A6851A00216EB30300294EFE /* Controllers */ = {
			isa = PBXGroup;
			children = (
				A68519FD216EB2D800294EFE /* ViewControllers */,
				A68519FF216EB2FC00294EFE /* ModelControllers */,
			);
			path = Controllers;
			sourceTree = "<group>";
		};
/* End PBXGroup section */

/* Begin PBXNativeTarget section */
		A68519E5216EB29000294EFE /* Tasks */ = {
			isa = PBXNativeTarget;
			buildConfigurationList = A68519F8216EB29300294EFE /* Build configuration list for PBXNativeTarget "Tasks" */;
			buildPhases = (
				A68519E2216EB29000294EFE /* Sources */,
				A68519E3216EB29000294EFE /* Frameworks */,
				A68519E4216EB29000294EFE /* Resources */,
			);
			buildRules = (
			);
			dependencies = (
			);
			name = Tasks;
			productName = Tasks;
			productReference = A68519E6216EB29000294EFE /* Tasks.app */;
			productType = "com.apple.product-type.application";
		};
/* End PBXNativeTarget section */

/* Begin PBXProject section */
		A68519DE216EB29000294EFE /* Project object */ = {
			isa = PBXProject;
			attributes = {
				LastSwiftUpdateCheck = 1000;
				LastUpgradeCheck = 1000;
				ORGANIZATIONNAME = "Travis Chapman";
				TargetAttributes = {
					A68519E5216EB29000294EFE = {
						CreatedOnToolsVersion = 10.0;
					};
				};
			};
			buildConfigurationList = A68519E1216EB29000294EFE /* Build configuration list for PBXProject "Tasks" */;
			compatibilityVersion = "Xcode 9.3";
			developmentRegion = en;
			hasScannedForEncodings = 0;
			knownRegions = (
				en,
				Base,
			);
			mainGroup = A68519DD216EB29000294EFE;
			productRefGroup = A68519E7216EB29000294EFE /* Products */;
			projectDirPath = "";
			projectRoot = "";
			targets = (
				A68519E5216EB29000294EFE /* Tasks */,
			);
		};
/* End PBXProject section */

/* Begin PBXResourcesBuildPhase section */
		A68519E4216EB29000294EFE /* Resources */ = {
			isa = PBXResourcesBuildPhase;
			buildActionMask = 2147483647;
			files = (
				A68519F4216EB29300294EFE /* LaunchScreen.storyboard in Resources */,
				A68519F1216EB29300294EFE /* Assets.xcassets in Resources */,
				A68519EF216EB29000294EFE /* Main.storyboard in Resources */,
			);
			runOnlyForDeploymentPostprocessing = 0;
		};
/* End PBXResourcesBuildPhase section */

/* Begin PBXSourcesBuildPhase section */
		A68519E2216EB29000294EFE /* Sources */ = {
			isa = PBXSourcesBuildPhase;
			buildActionMask = 2147483647;
			files = (
				A63D8DF5217007D000985C73 /* TaskListTableViewController.swift in Sources */,
				A63D8DE9216FA82F00985C73 /* ButtonTableViewCell.swift in Sources */,
				A63D8DE5216F7EC900985C73 /* TaskController.swift in Sources */,
				A68519EA216EB29000294EFE /* AppDelegate.swift in Sources */,
				A6851A0B216EBBEE00294EFE /* Task+Convenience.swift in Sources */,
				A6851A09216EBB5900294EFE /* Tasks.xcdatamodeld in Sources */,
				A63D8DE7216F94C800985C73 /* DateHelpers.swift in Sources */,
				A6851A04216EB9F200294EFE /* TaskDetailTableViewController.swift in Sources */,
				A6851A06216EBAD100294EFE /* CoreDataStack.swift in Sources */,
			);
			runOnlyForDeploymentPostprocessing = 0;
		};
/* End PBXSourcesBuildPhase section */

/* Begin PBXVariantGroup section */
		A68519ED216EB29000294EFE /* Main.storyboard */ = {
			isa = PBXVariantGroup;
			children = (
				A68519EE216EB29000294EFE /* Base */,
			);
			name = Main.storyboard;
			sourceTree = "<group>";
		};
		A68519F2216EB29300294EFE /* LaunchScreen.storyboard */ = {
			isa = PBXVariantGroup;
			children = (
				A68519F3216EB29300294EFE /* Base */,
			);
			name = LaunchScreen.storyboard;
			sourceTree = "<group>";
		};
/* End PBXVariantGroup section */

/* Begin XCBuildConfiguration section */
		A68519F6216EB29300294EFE /* Debug */ = {
			isa = XCBuildConfiguration;
			buildSettings = {
				ALWAYS_SEARCH_USER_PATHS = NO;
				CLANG_ANALYZER_NONNULL = YES;
				CLANG_ANALYZER_NUMBER_OBJECT_CONVERSION = YES_AGGRESSIVE;
				CLANG_CXX_LANGUAGE_STANDARD = "gnu++14";
				CLANG_CXX_LIBRARY = "libc++";
				CLANG_ENABLE_MODULES = YES;
				CLANG_ENABLE_OBJC_ARC = YES;
				CLANG_ENABLE_OBJC_WEAK = YES;
				CLANG_WARN_BLOCK_CAPTURE_AUTORELEASING = YES;
				CLANG_WARN_BOOL_CONVERSION = YES;
				CLANG_WARN_COMMA = YES;
				CLANG_WARN_CONSTANT_CONVERSION = YES;
				CLANG_WARN_DEPRECATED_OBJC_IMPLEMENTATIONS = YES;
				CLANG_WARN_DIRECT_OBJC_ISA_USAGE = YES_ERROR;
				CLANG_WARN_DOCUMENTATION_COMMENTS = YES;
				CLANG_WARN_EMPTY_BODY = YES;
				CLANG_WARN_ENUM_CONVERSION = YES;
				CLANG_WARN_INFINITE_RECURSION = YES;
				CLANG_WARN_INT_CONVERSION = YES;
				CLANG_WARN_NON_LITERAL_NULL_CONVERSION = YES;
				CLANG_WARN_OBJC_IMPLICIT_RETAIN_SELF = YES;
				CLANG_WARN_OBJC_LITERAL_CONVERSION = YES;
				CLANG_WARN_OBJC_ROOT_CLASS = YES_ERROR;
				CLANG_WARN_RANGE_LOOP_ANALYSIS = YES;
				CLANG_WARN_STRICT_PROTOTYPES = YES;
				CLANG_WARN_SUSPICIOUS_MOVE = YES;
				CLANG_WARN_UNGUARDED_AVAILABILITY = YES_AGGRESSIVE;
				CLANG_WARN_UNREACHABLE_CODE = YES;
				CLANG_WARN__DUPLICATE_METHOD_MATCH = YES;
				CODE_SIGN_IDENTITY = "iPhone Developer";
				COPY_PHASE_STRIP = NO;
				DEBUG_INFORMATION_FORMAT = dwarf;
				ENABLE_STRICT_OBJC_MSGSEND = YES;
				ENABLE_TESTABILITY = YES;
				GCC_C_LANGUAGE_STANDARD = gnu11;
				GCC_DYNAMIC_NO_PIC = NO;
				GCC_NO_COMMON_BLOCKS = YES;
				GCC_OPTIMIZATION_LEVEL = 0;
				GCC_PREPROCESSOR_DEFINITIONS = (
					"DEBUG=1",
					"$(inherited)",
				);
				GCC_WARN_64_TO_32_BIT_CONVERSION = YES;
				GCC_WARN_ABOUT_RETURN_TYPE = YES_ERROR;
				GCC_WARN_UNDECLARED_SELECTOR = YES;
				GCC_WARN_UNINITIALIZED_AUTOS = YES_AGGRESSIVE;
				GCC_WARN_UNUSED_FUNCTION = YES;
				GCC_WARN_UNUSED_VARIABLE = YES;
				IPHONEOS_DEPLOYMENT_TARGET = 12.0;
				MTL_ENABLE_DEBUG_INFO = INCLUDE_SOURCE;
				MTL_FAST_MATH = YES;
				ONLY_ACTIVE_ARCH = YES;
				SDKROOT = iphoneos;
				SWIFT_ACTIVE_COMPILATION_CONDITIONS = DEBUG;
				SWIFT_OPTIMIZATION_LEVEL = "-Onone";
			};
			name = Debug;
		};
		A68519F7216EB29300294EFE /* Release */ = {
			isa = XCBuildConfiguration;
			buildSettings = {
				ALWAYS_SEARCH_USER_PATHS = NO;
				CLANG_ANALYZER_NONNULL = YES;
				CLANG_ANALYZER_NUMBER_OBJECT_CONVERSION = YES_AGGRESSIVE;
				CLANG_CXX_LANGUAGE_STANDARD = "gnu++14";
				CLANG_CXX_LIBRARY = "libc++";
				CLANG_ENABLE_MODULES = YES;
				CLANG_ENABLE_OBJC_ARC = YES;
				CLANG_ENABLE_OBJC_WEAK = YES;
				CLANG_WARN_BLOCK_CAPTURE_AUTORELEASING = YES;
				CLANG_WARN_BOOL_CONVERSION = YES;
				CLANG_WARN_COMMA = YES;
				CLANG_WARN_CONSTANT_CONVERSION = YES;
				CLANG_WARN_DEPRECATED_OBJC_IMPLEMENTATIONS = YES;
				CLANG_WARN_DIRECT_OBJC_ISA_USAGE = YES_ERROR;
				CLANG_WARN_DOCUMENTATION_COMMENTS = YES;
				CLANG_WARN_EMPTY_BODY = YES;
				CLANG_WARN_ENUM_CONVERSION = YES;
				CLANG_WARN_INFINITE_RECURSION = YES;
				CLANG_WARN_INT_CONVERSION = YES;
				CLANG_WARN_NON_LITERAL_NULL_CONVERSION = YES;
				CLANG_WARN_OBJC_IMPLICIT_RETAIN_SELF = YES;
				CLANG_WARN_OBJC_LITERAL_CONVERSION = YES;
				CLANG_WARN_OBJC_ROOT_CLASS = YES_ERROR;
				CLANG_WARN_RANGE_LOOP_ANALYSIS = YES;
				CLANG_WARN_STRICT_PROTOTYPES = YES;
				CLANG_WARN_SUSPICIOUS_MOVE = YES;
				CLANG_WARN_UNGUARDED_AVAILABILITY = YES_AGGRESSIVE;
				CLANG_WARN_UNREACHABLE_CODE = YES;
				CLANG_WARN__DUPLICATE_METHOD_MATCH = YES;
				CODE_SIGN_IDENTITY = "iPhone Developer";
				COPY_PHASE_STRIP = NO;
				DEBUG_INFORMATION_FORMAT = "dwarf-with-dsym";
				ENABLE_NS_ASSERTIONS = NO;
				ENABLE_STRICT_OBJC_MSGSEND = YES;
				GCC_C_LANGUAGE_STANDARD = gnu11;
				GCC_NO_COMMON_BLOCKS = YES;
				GCC_WARN_64_TO_32_BIT_CONVERSION = YES;
				GCC_WARN_ABOUT_RETURN_TYPE = YES_ERROR;
				GCC_WARN_UNDECLARED_SELECTOR = YES;
				GCC_WARN_UNINITIALIZED_AUTOS = YES_AGGRESSIVE;
				GCC_WARN_UNUSED_FUNCTION = YES;
				GCC_WARN_UNUSED_VARIABLE = YES;
				IPHONEOS_DEPLOYMENT_TARGET = 12.0;
				MTL_ENABLE_DEBUG_INFO = NO;
				MTL_FAST_MATH = YES;
				SDKROOT = iphoneos;
				SWIFT_COMPILATION_MODE = wholemodule;
				SWIFT_OPTIMIZATION_LEVEL = "-O";
				VALIDATE_PRODUCT = YES;
			};
			name = Release;
		};
		A68519F9216EB29300294EFE /* Debug */ = {
			isa = XCBuildConfiguration;
			buildSettings = {
				ASSETCATALOG_COMPILER_APPICON_NAME = AppIcon;
				CODE_SIGN_STYLE = Automatic;
				DEVELOPMENT_TEAM = 7V4LGA7P62;
				INFOPLIST_FILE = "$(SRCROOT)/Tasks/Resources/Info.plist";
				LD_RUNPATH_SEARCH_PATHS = (
					"$(inherited)",
					"@executable_path/Frameworks",
				);
				PRODUCT_BUNDLE_IDENTIFIER = org.travischapman.Tasks;
				PRODUCT_NAME = "$(TARGET_NAME)";
				SWIFT_VERSION = 4.2;
				TARGETED_DEVICE_FAMILY = "1,2";
			};
			name = Debug;
		};
		A68519FA216EB29300294EFE /* Release */ = {
			isa = XCBuildConfiguration;
			buildSettings = {
				ASSETCATALOG_COMPILER_APPICON_NAME = AppIcon;
				CODE_SIGN_STYLE = Automatic;
				DEVELOPMENT_TEAM = 7V4LGA7P62;
				INFOPLIST_FILE = "$(SRCROOT)/Tasks/Resources/Info.plist";
				LD_RUNPATH_SEARCH_PATHS = (
					"$(inherited)",
					"@executable_path/Frameworks",
				);
				PRODUCT_BUNDLE_IDENTIFIER = org.travischapman.Tasks;
				PRODUCT_NAME = "$(TARGET_NAME)";
				SWIFT_VERSION = 4.2;
				TARGETED_DEVICE_FAMILY = "1,2";
			};
			name = Release;
		};
/* End XCBuildConfiguration section */

/* Begin XCConfigurationList section */
		A68519E1216EB29000294EFE /* Build configuration list for PBXProject "Tasks" */ = {
			isa = XCConfigurationList;
			buildConfigurations = (
				A68519F6216EB29300294EFE /* Debug */,
				A68519F7216EB29300294EFE /* Release */,
			);
			defaultConfigurationIsVisible = 0;
			defaultConfigurationName = Release;
		};
		A68519F8216EB29300294EFE /* Build configuration list for PBXNativeTarget "Tasks" */ = {
			isa = XCConfigurationList;
			buildConfigurations = (
				A68519F9216EB29300294EFE /* Debug */,
				A68519FA216EB29300294EFE /* Release */,
			);
			defaultConfigurationIsVisible = 0;
			defaultConfigurationName = Release;
		};
/* End XCConfigurationList section */

/* Begin XCVersionGroup section */
		A6851A07216EBB5900294EFE /* Tasks.xcdatamodeld */ = {
			isa = XCVersionGroup;
			children = (
				A6851A08216EBB5900294EFE /* Tasks.xcdatamodel */,
			);
			currentVersion = A6851A08216EBB5900294EFE /* Tasks.xcdatamodel */;
			path = Tasks.xcdatamodeld;
			sourceTree = "<group>";
			versionGroupType = wrapper.xcdatamodel;
		};
/* End XCVersionGroup section */
	};
	rootObject = A68519DE216EB29000294EFE /* Project object */;
}
